version = 1
revision = 1
requires-python = ">=3.13"

[[package]]
name = "asgiref"
version = "3.8.1"
source = { registry = "https://pypi.org/simple" }
sdist = { url = "https://files.pythonhosted.org/packages/29/38/b3395cc9ad1b56d2ddac9970bc8f4141312dbaec28bc7c218b0dfafd0f42/asgiref-3.8.1.tar.gz", hash = "sha256:c343bd80a0bec947a9860adb4c432ffa7db769836c64238fc34bdc3fec84d590", size = 35186 }
wheels = [
    { url = "https://files.pythonhosted.org/packages/39/e3/893e8757be2612e6c266d9bb58ad2e3651524b5b40cf56761e985a28b13e/asgiref-3.8.1-py3-none-any.whl", hash = "sha256:3e1e3ecc849832fe52ccf2cb6686b7a55f82bb1d6aee72a58826471390335e47", size = 23828 },
]

[[package]]
name = "django"
version = "5.1.7"
source = { registry = "https://pypi.org/simple" }
dependencies = [
    { name = "asgiref" },
    { name = "sqlparse" },
    { name = "tzdata", marker = "sys_platform == 'win32'" },
]
sdist = { url = "https://files.pythonhosted.org/packages/5f/57/11186e493ddc5a5e92cc7924a6363f7d4c2b645f7d7cb04a26a63f9bfb8b/Django-5.1.7.tar.gz", hash = "sha256:30de4ee43a98e5d3da36a9002f287ff400b43ca51791920bfb35f6917bfe041c", size = 10716510 }
wheels = [
    { url = "https://files.pythonhosted.org/packages/ba/0f/7e042df3d462d39ae01b27a09ee76653692442bc3701fbfa6cb38e12889d/Django-5.1.7-py3-none-any.whl", hash = "sha256:1323617cb624add820cb9611cdcc788312d250824f92ca6048fda8625514af2b", size = 8276912 },
]

[[package]]
name = "django-debug-toolbar"
version = "5.0.1"
source = { registry = "https://pypi.org/simple" }
dependencies = [
    { name = "django" },
    { name = "sqlparse" },
]
sdist = { url = "https://files.pythonhosted.org/packages/93/f6/022cffde1ec6daf3d1418d03a69ddc4f760151f75664dcc9fd2167b2997f/django_debug_toolbar-5.0.1.tar.gz", hash = "sha256:296f6f18a80710e84fbb8361538ae5ec522a75ebe9ab67db34bcf1026cbeb420", size = 295982 }
wheels = [
    { url = "https://files.pythonhosted.org/packages/36/f7/3b406dc871d88c938d2bd967e65acf725b46c4e7c9add6a1f1bbaff9bdcf/django_debug_toolbar-5.0.1-py3-none-any.whl", hash = "sha256:7456cc2e951db37dab335686db7803c4a0ecb6736d120705f6668db9548bf49f", size = 260038 },
]

[[package]]
name = "django-official-tutorial"
version = "2024.11.23"
source = { virtual = "." }
dependencies = [
    { name = "django" },
    { name = "django-debug-toolbar" },
]

[package.dev-dependencies]
dev = [
    { name = "ruff" },
]

[package.metadata]
requires-dist = [
    { name = "django", specifier = "==5.1.7" },
    { name = "django-debug-toolbar", specifier = "==5.0.1" },
]

[package.metadata.requires-dev]
dev = [{ name = "ruff", specifier = "==0.9.9" }]

[[package]]
name = "ruff"
version = "0.9.9"
source = { registry = "https://pypi.org/simple" }
sdist = { url = "https://files.pythonhosted.org/packages/6f/c3/418441a8170e8d53d05c0b9dad69760dbc7b8a12c10dbe6db1e1205d2377/ruff-0.9.9.tar.gz", hash = "sha256:0062ed13f22173e85f8f7056f9a24016e692efeea8704d1a5e8011b8aa850933", size = 3717448 }
wheels = [
    { url = "https://files.pythonhosted.org/packages/bc/c3/2c4afa9ba467555d074b146d9aed0633a56ccdb900839fb008295d037b89/ruff-0.9.9-py3-none-linux_armv6l.whl", hash = "sha256:628abb5ea10345e53dff55b167595a159d3e174d6720bf19761f5e467e68d367", size = 10027252 },
    { url = "https://files.pythonhosted.org/packages/33/d1/439e58487cf9eac26378332e25e7d5ade4b800ce1eec7dc2cfc9b0d7ca96/ruff-0.9.9-py3-none-macosx_10_12_x86_64.whl", hash = "sha256:b6cd1428e834b35d7493354723543b28cc11dc14d1ce19b685f6e68e07c05ec7", size = 10840721 },
    { url = "https://files.pythonhosted.org/packages/50/44/fead822c38281ba0122f1b76b460488a175a9bd48b130650a6fb6dbcbcf9/ruff-0.9.9-py3-none-macosx_11_0_arm64.whl", hash = "sha256:5ee162652869120ad260670706f3cd36cd3f32b0c651f02b6da142652c54941d", size = 10161439 },
    { url = "https://files.pythonhosted.org/packages/11/ae/d404a2ab8e61ddf6342e09cc6b7f7846cce6b243e45c2007dbe0ca928a5d/ruff-0.9.9-py3-none-manylinux_2_17_aarch64.manylinux2014_aarch64.whl", hash = "sha256:3aa0f6b75082c9be1ec5a1db78c6d4b02e2375c3068438241dc19c7c306cc61a", size = 10336264 },
    { url = "https://files.pythonhosted.org/packages/6a/4e/7c268aa7d84cd709fb6f046b8972313142cffb40dfff1d2515c5e6288d54/ruff-0.9.9-py3-none-manylinux_2_17_armv7l.manylinux2014_armv7l.whl", hash = "sha256:584cc66e89fb5f80f84b05133dd677a17cdd86901d6479712c96597a3f28e7fe", size = 9908774 },
    { url = "https://files.pythonhosted.org/packages/cc/26/c618a878367ef1b76270fd027ca93692657d3f6122b84ba48911ef5f2edc/ruff-0.9.9-py3-none-manylinux_2_17_i686.manylinux2014_i686.whl", hash = "sha256:abf3369325761a35aba75cd5c55ba1b5eb17d772f12ab168fbfac54be85cf18c", size = 11428127 },
    { url = "https://files.pythonhosted.org/packages/d7/9a/c5588a93d9bfed29f565baf193fe802fa676a0c837938137ea6cf0576d8c/ruff-0.9.9-py3-none-manylinux_2_17_ppc64.manylinux2014_ppc64.whl", hash = "sha256:3403a53a32a90ce929aa2f758542aca9234befa133e29f4933dcef28a24317be", size = 12133187 },
    { url = "https://files.pythonhosted.org/packages/3e/ff/e7980a7704a60905ed7e156a8d73f604c846d9bd87deda9cabfa6cba073a/ruff-0.9.9-py3-none-manylinux_2_17_ppc64le.manylinux2014_ppc64le.whl", hash = "sha256:18454e7fa4e4d72cffe28a37cf6a73cb2594f81ec9f4eca31a0aaa9ccdfb1590", size = 11602937 },
    { url = "https://files.pythonhosted.org/packages/24/78/3690444ad9e3cab5c11abe56554c35f005b51d1d118b429765249095269f/ruff-0.9.9-py3-none-manylinux_2_17_s390x.manylinux2014_s390x.whl", hash = "sha256:0fadfe2c88724c9617339f62319ed40dcdadadf2888d5afb88bf3adee7b35bfb", size = 13771698 },
    { url = "https://files.pythonhosted.org/packages/6e/bf/e477c2faf86abe3988e0b5fd22a7f3520e820b2ee335131aca2e16120038/ruff-0.9.9-py3-none-manylinux_2_17_x86_64.manylinux2014_x86_64.whl", hash = "sha256:6df104d08c442a1aabcfd254279b8cc1e2cbf41a605aa3e26610ba1ec4acf0b0", size = 11249026 },
    { url = "https://files.pythonhosted.org/packages/f7/82/cdaffd59e5a8cb5b14c408c73d7a555a577cf6645faaf83e52fe99521715/ruff-0.9.9-py3-none-musllinux_1_2_aarch64.whl", hash = "sha256:d7c62939daf5b2a15af48abbd23bea1efdd38c312d6e7c4cedf5a24e03207e17", size = 10220432 },
    { url = "https://files.pythonhosted.org/packages/fe/a4/2507d0026225efa5d4412b6e294dfe54725a78652a5c7e29e6bd0fc492f3/ruff-0.9.9-py3-none-musllinux_1_2_armv7l.whl", hash = "sha256:9494ba82a37a4b81b6a798076e4a3251c13243fc37967e998efe4cce58c8a8d1", size = 9874602 },
    { url = "https://files.pythonhosted.org/packages/d5/be/f3aab1813846b476c4bcffe052d232244979c3cd99d751c17afb530ca8e4/ruff-0.9.9-py3-none-musllinux_1_2_i686.whl", hash = "sha256:4efd7a96ed6d36ef011ae798bf794c5501a514be369296c672dab7921087fa57", size = 10851212 },
    { url = "https://files.pythonhosted.org/packages/8b/45/8e5fd559bea0d2f57c4e12bf197a2fade2fac465aa518284f157dfbca92b/ruff-0.9.9-py3-none-musllinux_1_2_x86_64.whl", hash = "sha256:ab90a7944c5a1296f3ecb08d1cbf8c2da34c7e68114b1271a431a3ad30cb660e", size = 11327490 },
    { url = "https://files.pythonhosted.org/packages/42/55/e6c90f13880aeef327746052907e7e930681f26a164fe130ddac28b08269/ruff-0.9.9-py3-none-win32.whl", hash = "sha256:6b4c376d929c25ecd6d87e182a230fa4377b8e5125a4ff52d506ee8c087153c1", size = 10227912 },
    { url = "https://files.pythonhosted.org/packages/35/b2/da925693cb82a1208aa34966c0f36cb222baca94e729dd22a587bc22d0f3/ruff-0.9.9-py3-none-win_amd64.whl", hash = "sha256:837982ea24091d4c1700ddb2f63b7070e5baec508e43b01de013dc7eff974ff1", size = 11355632 },
    { url = "https://files.pythonhosted.org/packages/31/d8/de873d1c1b020d668d8ec9855d390764cb90cf8f6486c0983da52be8b7b7/ruff-0.9.9-py3-none-win_arm64.whl", hash = "sha256:3ac78f127517209fe6d96ab00f3ba97cafe38718b23b1db3e96d8b2d39e37ddf", size = 10435860 },
]

[[package]]
name = "sqlparse"
version = "0.5.3"
source = { registry = "https://pypi.org/simple" }
sdist = { url = "https://files.pythonhosted.org/packages/e5/40/edede8dd6977b0d3da179a342c198ed100dd2aba4be081861ee5911e4da4/sqlparse-0.5.3.tar.gz", hash = "sha256:09f67787f56a0b16ecdbde1bfc7f5d9c3371ca683cfeaa8e6ff60b4807ec9272", size = 84999 }
wheels = [
    { url = "https://files.pythonhosted.org/packages/a9/5c/bfd6bd0bf979426d405cc6e71eceb8701b148b16c21d2dc3c261efc61c7b/sqlparse-0.5.3-py3-none-any.whl", hash = "sha256:cf2196ed3418f3ba5de6af7e82c694a9fbdbfecccdfc72e281548517081f16ca", size = 44415 },
]

[[package]]
name = "tzdata"
version = "2025.1"
source = { registry = "https://pypi.org/simple" }
sdist = { url = "https://files.pythonhosted.org/packages/43/0f/fa4723f22942480be4ca9527bbde8d43f6c3f2fe8412f00e7f5f6746bc8b/tzdata-2025.1.tar.gz", hash = "sha256:24894909e88cdb28bd1636c6887801df64cb485bd593f2fd83ef29075a81d694", size = 194950 }
wheels = [
    { url = "https://files.pythonhosted.org/packages/0f/dd/84f10e23edd882c6f968c21c2434fe67bd4a528967067515feca9e611e5e/tzdata-2025.1-py2.py3-none-any.whl", hash = "sha256:7e127113816800496f027041c570f50bcd464a020098a3b6b199517772303639", size = 346762 },
]
